
Microsoft Visual Studio Solution File, Format Version 12.00
# Visual Studio Version 17
VisualStudioVersion = 17.14.36414.22 d17.14
MinimumVisualStudioVersion = 10.0.40219.1
Project("{FAE04EC0-301F-11D3-BF4B-00C04F79EFBC}") = "ChatBotResumeBE", "ChatBotResumeBE\ChatBotResumeBE.csproj", "{782407FF-D18F-4A82-BB02-3B3DE3A53B5D}"
EndProject
Global
	GlobalSection(SolutionConfigurationPlatforms) = preSolution
		Debug|Any CPU = Debug|Any CPU
		Release|Any CPU = Release|Any CPU
	EndGlobalSection
	GlobalSection(ProjectConfigurationPlatforms) = postSolution
		{782407FF-D18F-4A82-BB02-3B3DE3A53B5D}.Debug|Any CPU.ActiveCfg = Debug|Any CPU
		{782407FF-D18F-4A82-BB02-3B3DE3A53B5D}.Debug|Any CPU.Build.0 = Debug|Any CPU
		{782407FF-D18F-4A82-BB02-3B3DE3A53B5D}.Release|Any CPU.ActiveCfg = Release|Any CPU
		{782407FF-D18F-4A82-BB02-3B3DE3A53B5D}.Release|Any CPU.Build.0 = Release|Any CPU
	EndGlobalSection
	GlobalSection(SolutionProperties) = preSolution
		HideSolutionNode = FALSE
	EndGlobalSection
	GlobalSection(ExtensibilityGlobals) = postSolution
		SolutionGuid = {0E379800-8CED-4323-95C8-3114C133B194}
	EndGlobalSection
EndGlobal
